
Microsoft Visual Studio Solution File, Format Version 12.00
# Visual Studio Version 17
VisualStudioVersion = 17.2.32516.85
MinimumVisualStudioVersion = 10.0.40219.1
Project("{FAE04EC0-301F-11D3-BF4B-00C04F79EFBC}") = "StopWatch32", "StopWatch32\StopWatch32.csproj", "{6CB5362C-7C56-4945-A606-18AADCD9FB79}"
EndProject
Global
	GlobalSection(SolutionConfigurationPlatforms) = preSolution
		Debug|Any CPU = Debug|Any CPU
		Release|Any CPU = Release|Any CPU
	EndGlobalSection
	GlobalSection(ProjectConfigurationPlatforms) = postSolution
		{6CB5362C-7C56-4945-A606-18AADCD9FB79}.Debug|Any CPU.ActiveCfg = Debug|Any CPU
		{6CB5362C-7C56-4945-A606-18AADCD9FB79}.Debug|Any CPU.Build.0 = Debug|Any CPU
		{6CB5362C-7C56-4945-A606-18AADCD9FB79}.Release|Any CPU.ActiveCfg = Release|Any CPU
		{6CB5362C-7C56-4945-A606-18AADCD9FB79}.Release|Any CPU.Build.0 = Release|Any CPU
	EndGlobalSection
	GlobalSection(SolutionProperties) = preSolution
		HideSolutionNode = FALSE
	EndGlobalSection
	GlobalSection(ExtensibilityGlobals) = postSolution
		SolutionGuid = {6D1AC274-8E04-4F79-B4C8-5EEC23F84504}
	EndGlobalSection
EndGlobal
